<?xml version="1.0" encoding="utf-8"?>
<Project ToolsVersion="4.0" xmlns="http://schemas.microsoft.com/developer/msbuild/2003">
  <ItemGroup>
    <Filter Include="input_data">
      <UniqueIdentifier>{02acedf4-a0ca-418d-a7f0-8a1d31a84f45}</UniqueIdentifier>
    </Filter>
    <Filter Include="src">
      <UniqueIdentifier>{4FC737F1-C7A5-4376-A066-2A32D752A2FF}</UniqueIdentifier>
      <Extensions>cpp;c;cc;cxx;c++;cppm;ixx;def;odl;idl;hpj;bat;asm;asmx</Extensions>
    </Filter>
    <Filter Include="src\data">
      <UniqueIdentifier>{37fabe59-757a-4ffb-876c-7a1c05cffb36}</UniqueIdentifier>
    </Filter>
  </ItemGroup>
  <ItemGroup>
    <ClCompile Include="SemestralnaPraca.cpp">
      <Filter>src</Filter>
    </ClCompile>
    <ClCompile Include="App.cpp">
      <Filter>src</Filter>
    </ClCompile>
    <ClCompile Include="Console.cpp">
      <Filter>src</Filter>
    </ClCompile>
    <ClCompile Include="data\CsvLoader.cpp">
      <Filter>src\data</Filter>
    </ClCompile>
    <ClCompile Include="data\DataUnit.cpp">
      <Filter>src\data</Filter>
    </ClCompile>
    <ClCompile Include="data\DataUnitLoader.cpp">
      <Filter>src\data</Filter>
    </ClCompile>
    <ClCompile Include="data\PopulationDensity.cpp">
      <Filter>src\data</Filter>
    </ClCompile>
  </ItemGroup>
  <ItemGroup>
    <None Include="input_data\obce.csv">
      <Filter>input_data</Filter>
    </None>
    <None Include="input_data\okresy.csv">
      <Filter>input_data</Filter>
    </None>
    <None Include="input_data\kraje.csv">
      <Filter>input_data</Filter>
    </None>
    <None Include="input_data\hustota-obyvatelstva.csv">
      <Filter>input_data</Filter>
    </None>
    <None Include="ClassDiagram.cd" />
  </ItemGroup>
  <ItemGroup>
    <ClInclude Include="FilterAlgorithm.h">
      <Filter>src</Filter>
    </ClInclude>
    <ClInclude Include="data\DataUnit.h">
      <Filter>src\data</Filter>
    </ClInclude>
    <ClInclude Include="data\CsvLoader.h">
      <Filter>src\data</Filter>
    </ClInclude>
    <ClInclude Include="App.h">
      <Filter>src</Filter>
    </ClInclude>
    <ClInclude Include="Console.h">
      <Filter>src</Filter>
    </ClInclude>
    <ClInclude Include="data\PopulationDensity.h">
      <Filter>src\data</Filter>
    </ClInclude>
    <ClInclude Include="SortingAlgorithm.h">
      <Filter>src</Filter>
    </ClInclude>
    <ClInclude Include="data\DataUnitLoader.h">
      <Filter>src\data</Filter>
    </ClInclude>
  </ItemGroup>
</Project>